// !$*UTF8*$!
{
	archiveVersion = 1;
	classes = {
	};
	objectVersion = 46;
	objects = {

/* Begin PBXBuildFile section */
		9A20718B198E534C0038539E /* paper.jpg in Resources */ = {isa = PBXBuildFile; fileRef = 9A207188198E534C0038539E /* paper.jpg */; };
		9A20718C198E534C0038539E /* rock.jpg in Resources */ = {isa = PBXBuildFile; fileRef = 9A207189198E534C0038539E /* rock.jpg */; };
		9A20718D198E534C0038539E /* scissor.png in Resources */ = {isa = PBXBuildFile; fileRef = 9A20718A198E534C0038539E /* scissor.png */; };
		9A23D243198DF80600E80ED9 /* Model.m in Sources */ = {isa = PBXBuildFile; fileRef = 9A23D242198DF80600E80ED9 /* Model.m */; };
		9A7CDC8F198B81A80083151E /* Foundation.framework in Frameworks */ = {isa = PBXBuildFile; fileRef = 9A7CDC8E198B81A80083151E /* Foundation.framework */; };
		9A7CDC91198B81A80083151E /* CoreGraphics.framework in Frameworks */ = {isa = PBXBuildFile; fileRef = 9A7CDC90198B81A80083151E /* CoreGraphics.framework */; };
		9A7CDC93198B81A80083151E /* UIKit.framework in Frameworks */ = {isa = PBXBuildFile; fileRef = 9A7CDC92198B81A80083151E /* UIKit.framework */; };
		9A7CDC99198B81A80083151E /* InfoPlist.strings in Resources */ = {isa = PBXBuildFile; fileRef = 9A7CDC97198B81A80083151E /* InfoPlist.strings */; };
		9A7CDC9B198B81A80083151E /* main.m in Sources */ = {isa = PBXBuildFile; fileRef = 9A7CDC9A198B81A80083151E /* main.m */; };
		9A7CDC9F198B81A80083151E /* AppDelegate.m in Sources */ = {isa = PBXBuildFile; fileRef = 9A7CDC9E198B81A80083151E /* AppDelegate.m */; };
		9A7CDCA2198B81A80083151E /* Main_iPhone.storyboard in Resources */ = {isa = PBXBuildFile; fileRef = 9A7CDCA0198B81A80083151E /* Main_iPhone.storyboard */; };
		9A7CDCA5198B81A80083151E /* Main_iPad.storyboard in Resources */ = {isa = PBXBuildFile; fileRef = 9A7CDCA3198B81A80083151E /* Main_iPad.storyboard */; };
		9A7CDCA8198B81A80083151E /* ViewController.m in Sources */ = {isa = PBXBuildFile; fileRef = 9A7CDCA7198B81A80083151E /* ViewController.m */; };
		9A7CDCAA198B81A80083151E /* Images.xcassets in Resources */ = {isa = PBXBuildFile; fileRef = 9A7CDCA9198B81A80083151E /* Images.xcassets */; };
		9A7CDCB1198B81A80083151E /* XCTest.framework in Frameworks */ = {isa = PBXBuildFile; fileRef = 9A7CDCB0198B81A80083151E /* XCTest.framework */; };
		9A7CDCB2198B81A80083151E /* Foundation.framework in Frameworks */ = {isa = PBXBuildFile; fileRef = 9A7CDC8E198B81A80083151E /* Foundation.framework */; };
		9A7CDCB3198B81A80083151E /* UIKit.framework in Frameworks */ = {isa = PBXBuildFile; fileRef = 9A7CDC92198B81A80083151E /* UIKit.framework */; };
		9A7CDCBB198B81A80083151E /* InfoPlist.strings in Resources */ = {isa = PBXBuildFile; fileRef = 9A7CDCB9198B81A80083151E /* InfoPlist.strings */; };
		9A7CDCBD198B81A80083151E /* week4Tests.m in Sources */ = {isa = PBXBuildFile; fileRef = 9A7CDCBC198B81A80083151E /* week4Tests.m */; };
/* End PBXBuildFile section */

/* Begin PBXContainerItemProxy section */
		9A7CDCB4198B81A80083151E /* PBXContainerItemProxy */ = {
			isa = PBXContainerItemProxy;
			containerPortal = 9A7CDC83198B81A80083151E /* Project object */;
			proxyType = 1;
			remoteGlobalIDString = 9A7CDC8A198B81A80083151E;
			remoteInfo = week4;
		};
/* End PBXContainerItemProxy section */

/* Begin PBXFileReference section */
		9A207188198E534C0038539E /* paper.jpg */ = {isa = PBXFileReference; lastKnownFileType = image.jpeg; path = paper.jpg; sourceTree = "<group>"; };
		9A207189198E534C0038539E /* rock.jpg */ = {isa = PBXFileReference; lastKnownFileType = image.jpeg; path = rock.jpg; sourceTree = "<group>"; };
		9A20718A198E534C0038539E /* scissor.png */ = {isa = PBXFileReference; lastKnownFileType = image.png; path = scissor.png; sourceTree = "<group>"; };
		9A23D241198DF80600E80ED9 /* Model.h */ = {isa = PBXFileReference; fileEncoding = 4; lastKnownFileType = sourcecode.c.h; path = Model.h; sourceTree = "<group>"; };
		9A23D242198DF80600E80ED9 /* Model.m */ = {isa = PBXFileReference; fileEncoding = 4; lastKnownFileType = sourcecode.c.objc; path = Model.m; sourceTree = "<group>"; };
		9A7CDC8B198B81A80083151E /* week4.app */ = {isa = PBXFileReference; explicitFileType = wrapper.application; includeInIndex = 0; path = week4.app; sourceTree = BUILT_PRODUCTS_DIR; };
		9A7CDC8E198B81A80083151E /* Foundation.framework */ = {isa = PBXFileReference; lastKnownFileType = wrapper.framework; name = Foundation.framework; path = System/Library/Frameworks/Foundation.framework; sourceTree = SDKROOT; };
		9A7CDC90198B81A80083151E /* CoreGraphics.framework */ = {isa = PBXFileReference; lastKnownFileType = wrapper.framework; name = CoreGraphics.framework; path = System/Library/Frameworks/CoreGraphics.framework; sourceTree = SDKROOT; };
		9A7CDC92198B81A80083151E /* UIKit.framework */ = {isa = PBXFileReference; lastKnownFileType = wrapper.framework; name = UIKit.framework; path = System/Library/Frameworks/UIKit.framework; sourceTree = SDKROOT; };
		9A7CDC96198B81A80083151E /* week4-Info.plist */ = {isa = PBXFileReference; lastKnownFileType = text.plist.xml; path = "week4-Info.plist"; sourceTree = "<group>"; };
		9A7CDC98198B81A80083151E /* en */ = {isa = PBXFileReference; lastKnownFileType = text.plist.strings; name = en; path = en.lproj/InfoPlist.strings; sourceTree = "<group>"; };
		9A7CDC9A198B81A80083151E /* main.m */ = {isa = PBXFileReference; lastKnownFileType = sourcecode.c.objc; path = main.m; sourceTree = "<group>"; };
		9A7CDC9C198B81A80083151E /* week4-Prefix.pch */ = {isa = PBXFileReference; lastKnownFileType = sourcecode.c.h; path = "week4-Prefix.pch"; sourceTree = "<group>"; };
		9A7CDC9D198B81A80083151E /* AppDelegate.h */ = {isa = PBXFileReference; lastKnownFileType = sourcecode.c.h; path = AppDelegate.h; sourceTree = "<group>"; };
		9A7CDC9E198B81A80083151E /* AppDelegate.m */ = {isa = PBXFileReference; lastKnownFileType = sourcecode.c.objc; path = AppDelegate.m; sourceTree = "<group>"; };
		9A7CDCA1198B81A80083151E /* Base */ = {isa = PBXFileReference; lastKnownFileType = file.storyboard; name = Base; path = Base.lproj/Main_iPhone.storyboard; sourceTree = "<group>"; };
		9A7CDCA4198B81A80083151E /* Base */ = {isa = PBXFileReference; lastKnownFileType = file.storyboard; name = Base; path = Base.lproj/Main_iPad.storyboard; sourceTree = "<group>"; };
		9A7CDCA6198B81A80083151E /* ViewController.h */ = {isa = PBXFileReference; lastKnownFileType = sourcecode.c.h; path = ViewController.h; sourceTree = "<group>"; };
		9A7CDCA7198B81A80083151E /* ViewController.m */ = {isa = PBXFileReference; lastKnownFileType = sourcecode.c.objc; path = ViewController.m; sourceTree = "<group>"; };
		9A7CDCA9198B81A80083151E /* Images.xcassets */ = {isa = PBXFileReference; lastKnownFileType = folder.assetcatalog; path = Images.xcassets; sourceTree = "<group>"; };
		9A7CDCAF198B81A80083151E /* week4Tests.xctest */ = {isa = PBXFileReference; explicitFileType = wrapper.cfbundle; includeInIndex = 0; path = week4Tests.xctest; sourceTree = BUILT_PRODUCTS_DIR; };
		9A7CDCB0198B81A80083151E /* XCTest.framework */ = {isa = PBXFileReference; lastKnownFileType = wrapper.framework; name = XCTest.framework; path = Library/Frameworks/XCTest.framework; sourceTree = DEVELOPER_DIR; };
		9A7CDCB8198B81A80083151E /* week4Tests-Info.plist */ = {isa = PBXFileReference; lastKnownFileType = text.plist.xml; path = "week4Tests-Info.plist"; sourceTree = "<group>"; };
		9A7CDCBA198B81A80083151E /* en */ = {isa = PBXFileReference; lastKnownFileType = text.plist.strings; name = en; path = en.lproj/InfoPlist.strings; sourceTree = "<group>"; };
		9A7CDCBC198B81A80083151E /* week4Tests.m */ = {isa = PBXFileReference; lastKnownFileType = sourcecode.c.objc; path = week4Tests.m; sourceTree = "<group>"; };
/* End PBXFileReference section */

/* Begin PBXFrameworksBuildPhase section */
		9A7CDC88198B81A80083151E /* Frameworks */ = {
			isa = PBXFrameworksBuildPhase;
			buildActionMask = 2147483647;
			files = (
				9A7CDC91198B81A80083151E /* CoreGraphics.framework in Frameworks */,
				9A7CDC93198B81A80083151E /* UIKit.framework in Frameworks */,
				9A7CDC8F198B81A80083151E /* Foundation.framework in Frameworks */,
			);
			runOnlyForDeploymentPostprocessing = 0;
		};
		9A7CDCAC198B81A80083151E /* Frameworks */ = {
			isa = PBXFrameworksBuildPhase;
			buildActionMask = 2147483647;
			files = (
				9A7CDCB1198B81A80083151E /* XCTest.framework in Frameworks */,
				9A7CDCB3198B81A80083151E /* UIKit.framework in Frameworks */,
				9A7CDCB2198B81A80083151E /* Foundation.framework in Frameworks */,
			);
			runOnlyForDeploymentPostprocessing = 0;
		};
/* End PBXFrameworksBuildPhase section */

/* Begin PBXGroup section */
		9A7CDC82198B81A80083151E = {
			isa = PBXGroup;
			children = (
				9A7CDC94198B81A80083151E /* week4 */,
				9A7CDCB6198B81A80083151E /* week4Tests */,
				9A7CDC8D198B81A80083151E /* Frameworks */,
				9A7CDC8C198B81A80083151E /* Products */,
			);
			sourceTree = "<group>";
		};
		9A7CDC8C198B81A80083151E /* Products */ = {
			isa = PBXGroup;
			children = (
				9A7CDC8B198B81A80083151E /* week4.app */,
				9A7CDCAF198B81A80083151E /* week4Tests.xctest */,
			);
			name = Products;
			sourceTree = "<group>";
		};
		9A7CDC8D198B81A80083151E /* Frameworks */ = {
			isa = PBXGroup;
			children = (
				9A7CDC8E198B81A80083151E /* Foundation.framework */,
				9A7CDC90198B81A80083151E /* CoreGraphics.framework */,
				9A7CDC92198B81A80083151E /* UIKit.framework */,
				9A7CDCB0198B81A80083151E /* XCTest.framework */,
			);
			name = Frameworks;
			sourceTree = "<group>";
		};
		9A7CDC94198B81A80083151E /* week4 */ = {
			isa = PBXGroup;
			children = (
				9A7CDC9D198B81A80083151E /* AppDelegate.h */,
				9A7CDC9E198B81A80083151E /* AppDelegate.m */,
				9A7CDCA0198B81A80083151E /* Main_iPhone.storyboard */,
				9A7CDCA3198B81A80083151E /* Main_iPad.storyboard */,
				9A7CDCA6198B81A80083151E /* ViewController.h */,
				9A7CDCA7198B81A80083151E /* ViewController.m */,
				9A23D241198DF80600E80ED9 /* Model.h */,
				9A23D242198DF80600E80ED9 /* Model.m */,
				9A7CDCA9198B81A80083151E /* Images.xcassets */,
				9A207188198E534C0038539E /* paper.jpg */,
				9A207189198E534C0038539E /* rock.jpg */,
				9A20718A198E534C0038539E /* scissor.png */,
				9A7CDC95198B81A80083151E /* Supporting Files */,
			);
			path = week4;
			sourceTree = "<group>";
		};
		9A7CDC95198B81A80083151E /* Supporting Files */ = {
			isa = PBXGroup;
			children = (
				9A7CDC96198B81A80083151E /* week4-Info.plist */,
				9A7CDC97198B81A80083151E /* InfoPlist.strings */,
				9A7CDC9A198B81A80083151E /* main.m */,
				9A7CDC9C198B81A80083151E /* week4-Prefix.pch */,
			);
			name = "Supporting Files";
			sourceTree = "<group>";
		};
		9A7CDCB6198B81A80083151E /* week4Tests */ = {
			isa = PBXGroup;
			children = (
				9A7CDCBC198B81A80083151E /* week4Tests.m */,
				9A7CDCB7198B81A80083151E /* Supporting Files */,
			);
			path = week4Tests;
			sourceTree = "<group>";
		};
		9A7CDCB7198B81A80083151E /* Supporting Files */ = {
			isa = PBXGroup;
			children = (
				9A7CDCB8198B81A80083151E /* week4Tests-Info.plist */,
				9A7CDCB9198B81A80083151E /* InfoPlist.strings */,
			);
			name = "Supporting Files";
			sourceTree = "<group>";
		};
/* End PBXGroup section */

/* Begin PBXNativeTarget section */
		9A7CDC8A198B81A80083151E /* week4 */ = {
			isa = PBXNativeTarget;
			buildConfigurationList = 9A7CDCC0198B81A80083151E /* Build configuration list for PBXNativeTarget "week4" */;
			buildPhases = (
				9A7CDC87198B81A80083151E /* Sources */,
				9A7CDC88198B81A80083151E /* Frameworks */,
				9A7CDC89198B81A80083151E /* Resources */,
			);
			buildRules = (
			);
			dependencies = (
			);
			name = week4;
			productName = week4;
			productReference = 9A7CDC8B198B81A80083151E /* week4.app */;
			productType = "com.apple.product-type.application";
		};
		9A7CDCAE198B81A80083151E /* week4Tests */ = {
			isa = PBXNativeTarget;
			buildConfigurationList = 9A7CDCC3198B81A80083151E /* Build configuration list for PBXNativeTarget "week4Tests" */;
			buildPhases = (
				9A7CDCAB198B81A80083151E /* Sources */,
				9A7CDCAC198B81A80083151E /* Frameworks */,
				9A7CDCAD198B81A80083151E /* Resources */,
			);
			buildRules = (
			);
			dependencies = (
				9A7CDCB5198B81A80083151E /* PBXTargetDependency */,
			);
			name = week4Tests;
			productName = week4Tests;
			productReference = 9A7CDCAF198B81A80083151E /* week4Tests.xctest */;
			productType = "com.apple.product-type.bundle.unit-test";
		};
/* End PBXNativeTarget section */

/* Begin PBXProject section */
		9A7CDC83198B81A80083151E /* Project object */ = {
			isa = PBXProject;
			attributes = {
				LastUpgradeCheck = 0510;
				ORGANIZATIONNAME = "___FULLUSERNAME___";
				TargetAttributes = {
					9A7CDCAE198B81A80083151E = {
						TestTargetID = 9A7CDC8A198B81A80083151E;
					};
				};
			};
			buildConfigurationList = 9A7CDC86198B81A80083151E /* Build configuration list for PBXProject "week4" */;
			compatibilityVersion = "Xcode 3.2";
			developmentRegion = English;
			hasScannedForEncodings = 0;
			knownRegions = (
				en,
				Base,
			);
			mainGroup = 9A7CDC82198B81A80083151E;
			productRefGroup = 9A7CDC8C198B81A80083151E /* Products */;
			projectDirPath = "";
			projectRoot = "";
			targets = (
				9A7CDC8A198B81A80083151E /* week4 */,
				9A7CDCAE198B81A80083151E /* week4Tests */,
			);
		};
/* End PBXProject section */

/* Begin PBXResourcesBuildPhase section */
		9A7CDC89198B81A80083151E /* Resources */ = {
			isa = PBXResourcesBuildPhase;
			buildActionMask = 2147483647;
			files = (
				9A7CDCA5198B81A80083151E /* Main_iPad.storyboard in Resources */,
				9A20718B198E534C0038539E /* paper.jpg in Resources */,
				9A20718D198E534C0038539E /* scissor.png in Resources */,
				9A7CDCAA198B81A80083151E /* Images.xcassets in Resources */,
				9A7CDCA2198B81A80083151E /* Main_iPhone.storyboard in Resources */,
				9A20718C198E534C0038539E /* rock.jpg in Resources */,
				9A7CDC99198B81A80083151E /* InfoPlist.strings in Resources */,
			);
			runOnlyForDeploymentPostprocessing = 0;
		};
		9A7CDCAD198B81A80083151E /* Resources */ = {
			isa = PBXResourcesBuildPhase;
			buildActionMask = 2147483647;
			files = (
				9A7CDCBB198B81A80083151E /* InfoPlist.strings in Resources */,
			);
			runOnlyForDeploymentPostprocessing = 0;
		};
/* End PBXResourcesBuildPhase section */

/* Begin PBXSourcesBuildPhase section */
		9A7CDC87198B81A80083151E /* Sources */ = {
			isa = PBXSourcesBuildPhase;
			buildActionMask = 2147483647;
			files = (
				9A7CDCA8198B81A80083151E /* ViewController.m in Sources */,
				9A7CDC9F198B81A80083151E /* AppDelegate.m in Sources */,
				9A7CDC9B198B81A80083151E /* main.m in Sources */,
				9A23D243198DF80600E80ED9 /* Model.m in Sources */,
			);
			runOnlyForDeploymentPostprocessing = 0;
		};
		9A7CDCAB198B81A80083151E /* Sources */ = {
			isa = PBXSourcesBuildPhase;
			buildActionMask = 2147483647;
			files = (
				9A7CDCBD198B81A80083151E /* week4Tests.m in Sources */,
			);
			runOnlyForDeploymentPostprocessing = 0;
		};
/* End PBXSourcesBuildPhase section */

/* Begin PBXTargetDependency section */
		9A7CDCB5198B81A80083151E /* PBXTargetDependency */ = {
			isa = PBXTargetDependency;
			target = 9A7CDC8A198B81A80083151E /* week4 */;
			targetProxy = 9A7CDCB4198B81A80083151E /* PBXContainerItemProxy */;
		};
/* End PBXTargetDependency section */

/* Begin PBXVariantGroup section */
		9A7CDC97198B81A80083151E /* InfoPlist.strings */ = {
			isa = PBXVariantGroup;
			children = (
				9A7CDC98198B81A80083151E /* en */,
			);
			name = InfoPlist.strings;
			sourceTree = "<group>";
		};
		9A7CDCA0198B81A80083151E /* Main_iPhone.storyboard */ = {
			isa = PBXVariantGroup;
			children = (
				9A7CDCA1198B81A80083151E /* Base */,
			);
			name = Main_iPhone.storyboard;
			sourceTree = "<group>";
		};
		9A7CDCA3198B81A80083151E /* Main_iPad.storyboard */ = {
			isa = PBXVariantGroup;
			children = (
				9A7CDCA4198B81A80083151E /* Base */,
			);
			name = Main_iPad.storyboard;
			sourceTree = "<group>";
		};
		9A7CDCB9198B81A80083151E /* InfoPlist.strings */ = {
			isa = PBXVariantGroup;
			children = (
				9A7CDCBA198B81A80083151E /* en */,
			);
			name = InfoPlist.strings;
			sourceTree = "<group>";
		};
/* End PBXVariantGroup section */

/* Begin XCBuildConfiguration section */
		9A7CDCBE198B81A80083151E /* Debug */ = {
			isa = XCBuildConfiguration;
			buildSettings = {
				ALWAYS_SEARCH_USER_PATHS = NO;
				CLANG_CXX_LANGUAGE_STANDARD = "gnu++0x";
				CLANG_CXX_LIBRARY = "libc++";
				CLANG_ENABLE_MODULES = YES;
				CLANG_ENABLE_OBJC_ARC = YES;
				CLANG_WARN_BOOL_CONVERSION = YES;
				CLANG_WARN_CONSTANT_CONVERSION = YES;
				CLANG_WARN_DIRECT_OBJC_ISA_USAGE = YES_ERROR;
				CLANG_WARN_EMPTY_BODY = YES;
				CLANG_WARN_ENUM_CONVERSION = YES;
				CLANG_WARN_INT_CONVERSION = YES;
				CLANG_WARN_OBJC_ROOT_CLASS = YES_ERROR;
				CLANG_WARN__DUPLICATE_METHOD_MATCH = YES;
				"CODE_SIGN_IDENTITY[sdk=iphoneos*]" = "iPhone Developer";
				COPY_PHASE_STRIP = NO;
				GCC_C_LANGUAGE_STANDARD = gnu99;
				GCC_DYNAMIC_NO_PIC = NO;
				GCC_OPTIMIZATION_LEVEL = 0;
				GCC_PREPROCESSOR_DEFINITIONS = (
					"DEBUG=1",
					"$(inherited)",
				);
				GCC_SYMBOLS_PRIVATE_EXTERN = NO;
				GCC_WARN_64_TO_32_BIT_CONVERSION = YES;
				GCC_WARN_ABOUT_RETURN_TYPE = YES_ERROR;
				GCC_WARN_UNDECLARED_SELECTOR = YES;
				GCC_WARN_UNINITIALIZED_AUTOS = YES_AGGRESSIVE;
				GCC_WARN_UNUSED_FUNCTION = YES;
				GCC_WARN_UNUSED_VARIABLE = YES;
				IPHONEOS_DEPLOYMENT_TARGET = 7.1;
				ONLY_ACTIVE_ARCH = YES;
				SDKROOT = iphoneos;
				TARGETED_DEVICE_FAMILY = "1,2";
			};
			name = Debug;
		};
		9A7CDCBF198B81A80083151E /* Release */ = {
			isa = XCBuildConfiguration;
			buildSettings = {
				ALWAYS_SEARCH_USER_PATHS = NO;
				CLANG_CXX_LANGUAGE_STANDARD = "gnu++0x";
				CLANG_CXX_LIBRARY = "libc++";
				CLANG_ENABLE_MODULES = YES;
				CLANG_ENABLE_OBJC_ARC = YES;
				CLANG_WARN_BOOL_CONVERSION = YES;
				CLANG_WARN_CONSTANT_CONVERSION = YES;
				CLANG_WARN_DIRECT_OBJC_ISA_USAGE = YES_ERROR;
				CLANG_WARN_EMPTY_BODY = YES;
				CLANG_WARN_ENUM_CONVERSION = YES;
				CLANG_WARN_INT_CONVERSION = YES;
				CLANG_WARN_OBJC_ROOT_CLASS = YES_ERROR;
				CLANG_WARN__DUPLICATE_METHOD_MATCH = YES;
				"CODE_SIGN_IDENTITY[sdk=iphoneos*]" = "iPhone Developer";
				COPY_PHASE_STRIP = YES;
				ENABLE_NS_ASSERTIONS = NO;
				GCC_C_LANGUAGE_STANDARD = gnu99;
				GCC_WARN_64_TO_32_BIT_CONVERSION = YES;
				GCC_WARN_ABOUT_RETURN_TYPE = YES_ERROR;
				GCC_WARN_UNDECLARED_SELECTOR = YES;
				GCC_WARN_UNINITIALIZED_AUTOS = YES_AGGRESSIVE;
				GCC_WARN_UNUSED_FUNCTION = YES;
				GCC_WARN_UNUSED_VARIABLE = YES;
				IPHONEOS_DEPLOYMENT_TARGET = 7.1;
				SDKROOT = iphoneos;
				TARGETED_DEVICE_FAMILY = "1,2";
				VALIDATE_PRODUCT = YES;
			};
			name = Release;
		};
		9A7CDCC1198B81A80083151E /* Debug */ = {
			isa = XCBuildConfiguration;
			buildSettings = {
				ASSETCATALOG_COMPILER_APPICON_NAME = AppIcon;
				ASSETCATALOG_COMPILER_LAUNCHIMAGE_NAME = LaunchImage;
				GCC_PRECOMPILE_PREFIX_HEADER = YES;
				GCC_PREFIX_HEADER = "week4/week4-Prefix.pch";
				INFOPLIST_FILE = "week4/week4-Info.plist";
				PRODUCT_NAME = "$(TARGET_NAME)";
				WRAPPER_EXTENSION = app;
			};
			name = Debug;
		};
		9A7CDCC2198B81A80083151E /* Release */ = {
			isa = XCBuildConfiguration;
			buildSettings = {
				ASSETCATALOG_COMPILER_APPICON_NAME = AppIcon;
				ASSETCATALOG_COMPILER_LAUNCHIMAGE_NAME = LaunchImage;
				GCC_PRECOMPILE_PREFIX_HEADER = YES;
				GCC_PREFIX_HEADER = "week4/week4-Prefix.pch";
				INFOPLIST_FILE = "week4/week4-Info.plist";
				PRODUCT_NAME = "$(TARGET_NAME)";
				WRAPPER_EXTENSION = app;
			};
			name = Release;
		};
		9A7CDCC4198B81A80083151E /* Debug */ = {
			isa = XCBuildConfiguration;
			buildSettings = {
				BUNDLE_LOADER = "$(BUILT_PRODUCTS_DIR)/week4.app/week4";
				FRAMEWORK_SEARCH_PATHS = (
					"$(SDKROOT)/Developer/Library/Frameworks",
					"$(inherited)",
					"$(DEVELOPER_FRAMEWORKS_DIR)",
				);
				GCC_PRECOMPILE_PREFIX_HEADER = YES;
				GCC_PREFIX_HEADER = "week4/week4-Prefix.pch";
				GCC_PREPROCESSOR_DEFINITIONS = (
					"DEBUG=1",
					"$(inherited)",
				);
				INFOPLIST_FILE = "week4Tests/week4Tests-Info.plist";
				PRODUCT_NAME = "$(TARGET_NAME)";
				TEST_HOST = "$(BUNDLE_LOADER)";
				WRAPPER_EXTENSION = xctest;
			};
			name = Debug;
		};
		9A7CDCC5198B81A80083151E /* Release */ = {
			isa = XCBuildConfiguration;
			buildSettings = {
				BUNDLE_LOADER = "$(BUILT_PRODUCTS_DIR)/week4.app/week4";
				FRAMEWORK_SEARCH_PATHS = (
					"$(SDKROOT)/Developer/Library/Frameworks",
					"$(inherited)",
					"$(DEVELOPER_FRAMEWORKS_DIR)",
				);
				GCC_PRECOMPILE_PREFIX_HEADER = YES;
				GCC_PREFIX_HEADER = "week4/week4-Prefix.pch";
				INFOPLIST_FILE = "week4Tests/week4Tests-Info.plist";
				PRODUCT_NAME = "$(TARGET_NAME)";
				TEST_HOST = "$(BUNDLE_LOADER)";
				WRAPPER_EXTENSION = xctest;
			};
			name = Release;
		};
/* End XCBuildConfiguration section */

/* Begin XCConfigurationList section */
		9A7CDC86198B81A80083151E /* Build configuration list for PBXProject "week4" */ = {
			isa = XCConfigurationList;
			buildConfigurations = (
				9A7CDCBE198B81A80083151E /* Debug */,
				9A7CDCBF198B81A80083151E /* Release */,
			);
			defaultConfigurationIsVisible = 0;
			defaultConfigurationName = Release;
		};
		9A7CDCC0198B81A80083151E /* Build configuration list for PBXNativeTarget "week4" */ = {
			isa = XCConfigurationList;
			buildConfigurations = (
				9A7CDCC1198B81A80083151E /* Debug */,
				9A7CDCC2198B81A80083151E /* Release */,
			);
			defaultConfigurationIsVisible = 0;
			defaultConfigurationName = Release;
		};
		9A7CDCC3198B81A80083151E /* Build configuration list for PBXNativeTarget "week4Tests" */ = {
			isa = XCConfigurationList;
			buildConfigurations = (
				9A7CDCC4198B81A80083151E /* Debug */,
				9A7CDCC5198B81A80083151E /* Release */,
			);
			defaultConfigurationIsVisible = 0;
			defaultConfigurationName = Release;
		};
/* End XCConfigurationList section */
	};
	rootObject = 9A7CDC83198B81A80083151E /* Project object */;
}
